
Microsoft Visual Studio Solution File, Format Version 12.00
# Visual Studio Version 17
VisualStudioVersion = 17.0.32112.339
MinimumVisualStudioVersion = 10.0.40219.1
Project("{2150E333-8FDC-42A3-9474-1A3956D46DE8}") = "Submodule", "Submodule", "{63657779-5045-4A10-91E8-255DA2A1DBFF}"
EndProject
Project("{9A19103F-16F7-4668-BE54-9A1E7A4F7556}") = "AuthService", "AuthService\AuthService.csproj", "{4965A749-5E86-4E7B-8E1E-8B59F19312DE}"
EndProject
Project("{9A19103F-16F7-4668-BE54-9A1E7A4F7556}") = "AuthService.Tests", "AuthService.Tests\AuthService.Tests.csproj", "{DD294D02-5641-46A8-B72E-C933DE09D3C2}"
EndProject
Project("{9A19103F-16F7-4668-BE54-9A1E7A4F7556}") = "AccessManager.Core", "access-manager-core\AccessManager.Core\AccessManager.Core.csproj", "{A91B8524-E4F7-46BF-9BC9-CD6C5E0764C9}"
EndProject
Project("{9A19103F-16F7-4668-BE54-9A1E7A4F7556}") = "AccessManager.Models", "access-manager-core\AccessManager.Models\AccessManager.Models.csproj", "{3F9BE0C5-EE5E-4DA0-A0BB-E2B781EA349D}"
EndProject
Project("{9A19103F-16F7-4668-BE54-9A1E7A4F7556}") = "AccessManager.Sso", "access-manager-core\AccessManager.Sso\AccessManager.Sso.csproj", "{226202A3-8C38-47D5-87C6-2C88D1061752}"
EndProject
Global
	GlobalSection(SolutionConfigurationPlatforms) = preSolution
		Debug|Any CPU = Debug|Any CPU
		Release|Any CPU = Release|Any CPU
	EndGlobalSection
	GlobalSection(ProjectConfigurationPlatforms) = postSolution
		{4965A749-5E86-4E7B-8E1E-8B59F19312DE}.Debug|Any CPU.ActiveCfg = Debug|Any CPU
		{4965A749-5E86-4E7B-8E1E-8B59F19312DE}.Debug|Any CPU.Build.0 = Debug|Any CPU
		{4965A749-5E86-4E7B-8E1E-8B59F19312DE}.Release|Any CPU.ActiveCfg = Release|Any CPU
		{4965A749-5E86-4E7B-8E1E-8B59F19312DE}.Release|Any CPU.Build.0 = Release|Any CPU
		{DD294D02-5641-46A8-B72E-C933DE09D3C2}.Debug|Any CPU.ActiveCfg = Debug|Any CPU
		{DD294D02-5641-46A8-B72E-C933DE09D3C2}.Debug|Any CPU.Build.0 = Debug|Any CPU
		{DD294D02-5641-46A8-B72E-C933DE09D3C2}.Release|Any CPU.ActiveCfg = Release|Any CPU
		{DD294D02-5641-46A8-B72E-C933DE09D3C2}.Release|Any CPU.Build.0 = Release|Any CPU
		{A91B8524-E4F7-46BF-9BC9-CD6C5E0764C9}.Debug|Any CPU.ActiveCfg = Debug|Any CPU
		{A91B8524-E4F7-46BF-9BC9-CD6C5E0764C9}.Debug|Any CPU.Build.0 = Debug|Any CPU
		{A91B8524-E4F7-46BF-9BC9-CD6C5E0764C9}.Release|Any CPU.ActiveCfg = Release|Any CPU
		{A91B8524-E4F7-46BF-9BC9-CD6C5E0764C9}.Release|Any CPU.Build.0 = Release|Any CPU
		{3F9BE0C5-EE5E-4DA0-A0BB-E2B781EA349D}.Debug|Any CPU.ActiveCfg = Debug|Any CPU
		{3F9BE0C5-EE5E-4DA0-A0BB-E2B781EA349D}.Debug|Any CPU.Build.0 = Debug|Any CPU
		{3F9BE0C5-EE5E-4DA0-A0BB-E2B781EA349D}.Release|Any CPU.ActiveCfg = Release|Any CPU
		{3F9BE0C5-EE5E-4DA0-A0BB-E2B781EA349D}.Release|Any CPU.Build.0 = Release|Any CPU
		{226202A3-8C38-47D5-87C6-2C88D1061752}.Debug|Any CPU.ActiveCfg = Debug|Any CPU
		{226202A3-8C38-47D5-87C6-2C88D1061752}.Debug|Any CPU.Build.0 = Debug|Any CPU
		{226202A3-8C38-47D5-87C6-2C88D1061752}.Release|Any CPU.ActiveCfg = Release|Any CPU
		{226202A3-8C38-47D5-87C6-2C88D1061752}.Release|Any CPU.Build.0 = Release|Any CPU
	EndGlobalSection
	GlobalSection(SolutionProperties) = preSolution
		HideSolutionNode = FALSE
	EndGlobalSection
	GlobalSection(NestedProjects) = preSolution
		{A91B8524-E4F7-46BF-9BC9-CD6C5E0764C9} = {63657779-5045-4A10-91E8-255DA2A1DBFF}
		{3F9BE0C5-EE5E-4DA0-A0BB-E2B781EA349D} = {63657779-5045-4A10-91E8-255DA2A1DBFF}
		{226202A3-8C38-47D5-87C6-2C88D1061752} = {63657779-5045-4A10-91E8-255DA2A1DBFF}
	EndGlobalSection
	GlobalSection(ExtensibilityGlobals) = postSolution
		SolutionGuid = {EF5CCD8C-A281-4AE6-83EF-2196752D8BA3}
	EndGlobalSection
EndGlobal
