
Microsoft Visual Studio Solution File, Format Version 12.00
# Visual Studio Version 17
VisualStudioVersion = 17.0.32112.339
MinimumVisualStudioVersion = 10.0.40219.1
Project("{2150E333-8FDC-42A3-9474-1A3956D46DE8}") = "Submodule", "Submodule", "{63657779-5045-4A10-91E8-255DA2A1DBFF}"
EndProject
Project("{9A19103F-16F7-4668-BE54-9A1E7A4F7556}") = "AuthService", "AuthService\AuthService.csproj", "{4965A749-5E86-4E7B-8E1E-8B59F19312DE}"
EndProject
Project("{9A19103F-16F7-4668-BE54-9A1E7A4F7556}") = "AuthService.Tests", "AuthService.Tests\AuthService.Tests.csproj", "{DD294D02-5641-46A8-B72E-C933DE09D3C2}"
EndProject
Project("{9A19103F-16F7-4668-BE54-9A1E7A4F7556}") = "AccessManager.Core", "Submodule\AccessManager.Core\AccessManager.Core.csproj", "{0814F4BA-F383-491A-BBDF-EFBCDBCB9206}"
EndProject
Project("{9A19103F-16F7-4668-BE54-9A1E7A4F7556}") = "AccessManager.Models", "Submodule\AccessManager.Models\AccessManager.Models.csproj", "{28D8F2EC-2D00-4C35-9CB2-AAC1A550D93C}"
EndProject
Project("{9A19103F-16F7-4668-BE54-9A1E7A4F7556}") = "AccessManager.Sso", "Submodule\AccessManager.Sso\AccessManager.Sso.csproj", "{F8BB33DD-5F6E-48A1-B7DA-3E8A62E9E33B}"
EndProject
Global
	GlobalSection(SolutionConfigurationPlatforms) = preSolution
		Debug|Any CPU = Debug|Any CPU
		Release|Any CPU = Release|Any CPU
	EndGlobalSection
	GlobalSection(ProjectConfigurationPlatforms) = postSolution
		{4965A749-5E86-4E7B-8E1E-8B59F19312DE}.Debug|Any CPU.ActiveCfg = Debug|Any CPU
		{4965A749-5E86-4E7B-8E1E-8B59F19312DE}.Debug|Any CPU.Build.0 = Debug|Any CPU
		{4965A749-5E86-4E7B-8E1E-8B59F19312DE}.Release|Any CPU.ActiveCfg = Release|Any CPU
		{4965A749-5E86-4E7B-8E1E-8B59F19312DE}.Release|Any CPU.Build.0 = Release|Any CPU
		{DD294D02-5641-46A8-B72E-C933DE09D3C2}.Debug|Any CPU.ActiveCfg = Debug|Any CPU
		{DD294D02-5641-46A8-B72E-C933DE09D3C2}.Debug|Any CPU.Build.0 = Debug|Any CPU
		{DD294D02-5641-46A8-B72E-C933DE09D3C2}.Release|Any CPU.ActiveCfg = Release|Any CPU
		{DD294D02-5641-46A8-B72E-C933DE09D3C2}.Release|Any CPU.Build.0 = Release|Any CPU
		{0814F4BA-F383-491A-BBDF-EFBCDBCB9206}.Debug|Any CPU.ActiveCfg = Debug|Any CPU
		{0814F4BA-F383-491A-BBDF-EFBCDBCB9206}.Debug|Any CPU.Build.0 = Debug|Any CPU
		{0814F4BA-F383-491A-BBDF-EFBCDBCB9206}.Release|Any CPU.ActiveCfg = Release|Any CPU
		{0814F4BA-F383-491A-BBDF-EFBCDBCB9206}.Release|Any CPU.Build.0 = Release|Any CPU
		{28D8F2EC-2D00-4C35-9CB2-AAC1A550D93C}.Debug|Any CPU.ActiveCfg = Debug|Any CPU
		{28D8F2EC-2D00-4C35-9CB2-AAC1A550D93C}.Debug|Any CPU.Build.0 = Debug|Any CPU
		{28D8F2EC-2D00-4C35-9CB2-AAC1A550D93C}.Release|Any CPU.ActiveCfg = Release|Any CPU
		{28D8F2EC-2D00-4C35-9CB2-AAC1A550D93C}.Release|Any CPU.Build.0 = Release|Any CPU
		{F8BB33DD-5F6E-48A1-B7DA-3E8A62E9E33B}.Debug|Any CPU.ActiveCfg = Debug|Any CPU
		{F8BB33DD-5F6E-48A1-B7DA-3E8A62E9E33B}.Debug|Any CPU.Build.0 = Debug|Any CPU
		{F8BB33DD-5F6E-48A1-B7DA-3E8A62E9E33B}.Release|Any CPU.ActiveCfg = Release|Any CPU
		{F8BB33DD-5F6E-48A1-B7DA-3E8A62E9E33B}.Release|Any CPU.Build.0 = Release|Any CPU
	EndGlobalSection
	GlobalSection(SolutionProperties) = preSolution
		HideSolutionNode = FALSE
	EndGlobalSection
	GlobalSection(NestedProjects) = preSolution
		{0814F4BA-F383-491A-BBDF-EFBCDBCB9206} = {63657779-5045-4A10-91E8-255DA2A1DBFF}
		{28D8F2EC-2D00-4C35-9CB2-AAC1A550D93C} = {63657779-5045-4A10-91E8-255DA2A1DBFF}
		{F8BB33DD-5F6E-48A1-B7DA-3E8A62E9E33B} = {63657779-5045-4A10-91E8-255DA2A1DBFF}
	EndGlobalSection
	GlobalSection(ExtensibilityGlobals) = postSolution
		SolutionGuid = {EF5CCD8C-A281-4AE6-83EF-2196752D8BA3}
	EndGlobalSection
EndGlobal
